// !$*UTF8*$!
{
	archiveVersion = 1;
	classes = {
	};
	objectVersion = 77;
	objects = {

/* Begin PBXContainerItemProxy section */
		CB8B73A72DAAB9F3009046D3 /* PBXContainerItemProxy */ = {
			isa = PBXContainerItemProxy;
			containerPortal = CB8B73912DAAB9F0009046D3 /* Project object */;
			proxyType = 1;
			remoteGlobalIDString = CB8B73982DAAB9F0009046D3;
			remoteInfo = chatAI;
		};
		CB8B73B12DAAB9F3009046D3 /* PBXContainerItemProxy */ = {
			isa = PBXContainerItemProxy;
			containerPortal = CB8B73912DAAB9F0009046D3 /* Project object */;
			proxyType = 1;
			remoteGlobalIDString = CB8B73982DAAB9F0009046D3;
			remoteInfo = chatAI;
		};
/* End PBXContainerItemProxy section */

/* Begin PBXFileReference section */
		CB8B73992DAAB9F0009046D3 /* chatAI.app */ = {isa = PBXFileReference; explicitFileType = wrapper.application; includeInIndex = 0; path = chatAI.app; sourceTree = BUILT_PRODUCTS_DIR; };
		CB8B73A62DAAB9F3009046D3 /* chatAITests.xctest */ = {isa = PBXFileReference; explicitFileType = wrapper.cfbundle; includeInIndex = 0; path = chatAITests.xctest; sourceTree = BUILT_PRODUCTS_DIR; };
		CB8B73B02DAAB9F3009046D3 /* chatAIUITests.xctest */ = {isa = PBXFileReference; explicitFileType = wrapper.cfbundle; includeInIndex = 0; path = chatAIUITests.xctest; sourceTree = BUILT_PRODUCTS_DIR; };
/* End PBXFileReference section */

/* Begin PBXFileSystemSynchronizedRootGroup section */
		CB8B739B2DAAB9F0009046D3 /* chatAI */ = {
			isa = PBXFileSystemSynchronizedRootGroup;
			path = chatAI;
			sourceTree = "<group>";
		};
		CB8B73A92DAAB9F3009046D3 /* chatAITests */ = {
			isa = PBXFileSystemSynchronizedRootGroup;
			path = chatAITests;
			sourceTree = "<group>";
		};
		CB8B73B32DAAB9F3009046D3 /* chatAIUITests */ = {
			isa = PBXFileSystemSynchronizedRootGroup;
			path = chatAIUITests;
			sourceTree = "<group>";
		};
/* End PBXFileSystemSynchronizedRootGroup section */

/* Begin PBXFrameworksBuildPhase section */
		CB8B73962DAAB9F0009046D3 /* Frameworks */ = {
			isa = PBXFrameworksBuildPhase;
			buildActionMask = 2147483647;
			files = (
			);
			runOnlyForDeploymentPostprocessing = 0;
		};
		CB8B73A32DAAB9F3009046D3 /* Frameworks */ = {
			isa = PBXFrameworksBuildPhase;
			buildActionMask = 2147483647;
			files = (
			);
			runOnlyForDeploymentPostprocessing = 0;
		};
		CB8B73AD2DAAB9F3009046D3 /* Frameworks */ = {
			isa = PBXFrameworksBuildPhase;
			buildActionMask = 2147483647;
			files = (
			);
			runOnlyForDeploymentPostprocessing = 0;
		};
/* End PBXFrameworksBuildPhase section */

/* Begin PBXGroup section */
		CB8B73902DAAB9F0009046D3 = {
			isa = PBXGroup;
			children = (
				CB8B739B2DAAB9F0009046D3 /* chatAI */,
				CB8B73A92DAAB9F3009046D3 /* chatAITests */,
				CB8B73B32DAAB9F3009046D3 /* chatAIUITests */,
				CB8B739A2DAAB9F0009046D3 /* Products */,
			);
			sourceTree = "<group>";
		};
		CB8B739A2DAAB9F0009046D3 /* Products */ = {
			isa = PBXGroup;
			children = (
				CB8B73992DAAB9F0009046D3 /* chatAI.app */,
				CB8B73A62DAAB9F3009046D3 /* chatAITests.xctest */,
				CB8B73B02DAAB9F3009046D3 /* chatAIUITests.xctest */,
			);
			name = Products;
			sourceTree = "<group>";
		};
/* End PBXGroup section */

/* Begin PBXNativeTarget section */
		CB8B73982DAAB9F0009046D3 /* chatAI */ = {
			isa = PBXNativeTarget;
			buildConfigurationList = CB8B73BA2DAAB9F3009046D3 /* Build configuration list for PBXNativeTarget "chatAI" */;
			buildPhases = (
				CB8B73952DAAB9F0009046D3 /* Sources */,
				CB8B73962DAAB9F0009046D3 /* Frameworks */,
				CB8B73972DAAB9F0009046D3 /* Resources */,
			);
			buildRules = (
			);
			dependencies = (
			);
			fileSystemSynchronizedGroups = (
				CB8B739B2DAAB9F0009046D3 /* chatAI */,
			);
			name = chatAI;
			packageProductDependencies = (
			);
			productName = chatAI;
			productReference = CB8B73992DAAB9F0009046D3 /* chatAI.app */;
			productType = "com.apple.product-type.application";
		};
		CB8B73A52DAAB9F3009046D3 /* chatAITests */ = {
			isa = PBXNativeTarget;
			buildConfigurationList = CB8B73BD2DAAB9F3009046D3 /* Build configuration list for PBXNativeTarget "chatAITests" */;
			buildPhases = (
				CB8B73A22DAAB9F3009046D3 /* Sources */,
				CB8B73A32DAAB9F3009046D3 /* Frameworks */,
				CB8B73A42DAAB9F3009046D3 /* Resources */,
			);
			buildRules = (
			);
			dependencies = (
				CB8B73A82DAAB9F3009046D3 /* PBXTargetDependency */,
			);
			fileSystemSynchronizedGroups = (
				CB8B73A92DAAB9F3009046D3 /* chatAITests */,
			);
			name = chatAITests;
			packageProductDependencies = (
			);
			productName = chatAITests;
			productReference = CB8B73A62DAAB9F3009046D3 /* chatAITests.xctest */;
			productType = "com.apple.product-type.bundle.unit-test";
		};
		CB8B73AF2DAAB9F3009046D3 /* chatAIUITests */ = {
			isa = PBXNativeTarget;
			buildConfigurationList = CB8B73C02DAAB9F3009046D3 /* Build configuration list for PBXNativeTarget "chatAIUITests" */;
			buildPhases = (
				CB8B73AC2DAAB9F3009046D3 /* Sources */,
				CB8B73AD2DAAB9F3009046D3 /* Frameworks */,
				CB8B73AE2DAAB9F3009046D3 /* Resources */,
			);
			buildRules = (
			);
			dependencies = (
				CB8B73B22DAAB9F3009046D3 /* PBXTargetDependency */,
			);
			fileSystemSynchronizedGroups = (
				CB8B73B32DAAB9F3009046D3 /* chatAIUITests */,
			);
			name = chatAIUITests;
			packageProductDependencies = (
			);
			productName = chatAIUITests;
			productReference = CB8B73B02DAAB9F3009046D3 /* chatAIUITests.xctest */;
			productType = "com.apple.product-type.bundle.ui-testing";
		};
/* End PBXNativeTarget section */

/* Begin PBXProject section */
		CB8B73912DAAB9F0009046D3 /* Project object */ = {
			isa = PBXProject;
			attributes = {
				BuildIndependentTargetsInParallel = 1;
				LastSwiftUpdateCheck = 1630;
				LastUpgradeCheck = 1630;
				TargetAttributes = {
					CB8B73982DAAB9F0009046D3 = {
						CreatedOnToolsVersion = 16.3;
					};
					CB8B73A52DAAB9F3009046D3 = {
						CreatedOnToolsVersion = 16.3;
						TestTargetID = CB8B73982DAAB9F0009046D3;
					};
					CB8B73AF2DAAB9F3009046D3 = {
						CreatedOnToolsVersion = 16.3;
						TestTargetID = CB8B73982DAAB9F0009046D3;
					};
				};
			};
			buildConfigurationList = CB8B73942DAAB9F0009046D3 /* Build configuration list for PBXProject "chatAI" */;
			developmentRegion = en;
			hasScannedForEncodings = 0;
			knownRegions = (
				en,
				Base,
			);
			mainGroup = CB8B73902DAAB9F0009046D3;
			minimizedProjectReferenceProxies = 1;
			preferredProjectObjectVersion = 77;
			productRefGroup = CB8B739A2DAAB9F0009046D3 /* Products */;
			projectDirPath = "";
			projectRoot = "";
			targets = (
				CB8B73982DAAB9F0009046D3 /* chatAI */,
				CB8B73A52DAAB9F3009046D3 /* chatAITests */,
				CB8B73AF2DAAB9F3009046D3 /* chatAIUITests */,
			);
		};
/* End PBXProject section */

/* Begin PBXResourcesBuildPhase section */
		CB8B73972DAAB9F0009046D3 /* Resources */ = {
			isa = PBXResourcesBuildPhase;
			buildActionMask = 2147483647;
			files = (
			);
			runOnlyForDeploymentPostprocessing = 0;
		};
		CB8B73A42DAAB9F3009046D3 /* Resources */ = {
			isa = PBXResourcesBuildPhase;
			buildActionMask = 2147483647;
			files = (
			);
			runOnlyForDeploymentPostprocessing = 0;
		};
		CB8B73AE2DAAB9F3009046D3 /* Resources */ = {
			isa = PBXResourcesBuildPhase;
			buildActionMask = 2147483647;
			files = (
			);
			runOnlyForDeploymentPostprocessing = 0;
		};
/* End PBXResourcesBuildPhase section */

/* Begin PBXSourcesBuildPhase section */
		CB8B73952DAAB9F0009046D3 /* Sources */ = {
			isa = PBXSourcesBuildPhase;
			buildActionMask = 2147483647;
			files = (
			);
			runOnlyForDeploymentPostprocessing = 0;
		};
		CB8B73A22DAAB9F3009046D3 /* Sources */ = {
			isa = PBXSourcesBuildPhase;
			buildActionMask = 2147483647;
			files = (
			);
			runOnlyForDeploymentPostprocessing = 0;
		};
		CB8B73AC2DAAB9F3009046D3 /* Sources */ = {
			isa = PBXSourcesBuildPhase;
			buildActionMask = 2147483647;
			files = (
			);
			runOnlyForDeploymentPostprocessing = 0;
		};
/* End PBXSourcesBuildPhase section */

/* Begin PBXTargetDependency section */
		CB8B73A82DAAB9F3009046D3 /* PBXTargetDependency */ = {
			isa = PBXTargetDependency;
			target = CB8B73982DAAB9F0009046D3 /* chatAI */;
			targetProxy = CB8B73A72DAAB9F3009046D3 /* PBXContainerItemProxy */;
		};
		CB8B73B22DAAB9F3009046D3 /* PBXTargetDependency */ = {
			isa = PBXTargetDependency;
			target = CB8B73982DAAB9F0009046D3 /* chatAI */;
			targetProxy = CB8B73B12DAAB9F3009046D3 /* PBXContainerItemProxy */;
		};
/* End PBXTargetDependency section */

/* Begin XCBuildConfiguration section */
		CB8B73B82DAAB9F3009046D3 /* Debug */ = {
			isa = XCBuildConfiguration;
			buildSettings = {
				ALWAYS_SEARCH_USER_PATHS = NO;
				ASSETCATALOG_COMPILER_GENERATE_SWIFT_ASSET_SYMBOL_EXTENSIONS = YES;
				CLANG_ANALYZER_NONNULL = YES;
				CLANG_ANALYZER_NUMBER_OBJECT_CONVERSION = YES_AGGRESSIVE;
				CLANG_CXX_LANGUAGE_STANDARD = "gnu++20";
				CLANG_ENABLE_MODULES = YES;
				CLANG_ENABLE_OBJC_ARC = YES;
				CLANG_ENABLE_OBJC_WEAK = YES;
				CLANG_WARN_BLOCK_CAPTURE_AUTORELEASING = YES;
				CLANG_WARN_BOOL_CONVERSION = YES;
				CLANG_WARN_COMMA = YES;
				CLANG_WARN_CONSTANT_CONVERSION = YES;
				CLANG_WARN_DEPRECATED_OBJC_IMPLEMENTATIONS = YES;
				CLANG_WARN_DIRECT_OBJC_ISA_USAGE = YES_ERROR;
				CLANG_WARN_DOCUMENTATION_COMMENTS = YES;
				CLANG_WARN_EMPTY_BODY = YES;
				CLANG_WARN_ENUM_CONVERSION = YES;
				CLANG_WARN_INFINITE_RECURSION = YES;
				CLANG_WARN_INT_CONVERSION = YES;
				CLANG_WARN_NON_LITERAL_NULL_CONVERSION = YES;
				CLANG_WARN_OBJC_IMPLICIT_RETAIN_SELF = YES;
				CLANG_WARN_OBJC_LITERAL_CONVERSION = YES;
				CLANG_WARN_OBJC_ROOT_CLASS = YES_ERROR;
				CLANG_WARN_QUOTED_INCLUDE_IN_FRAMEWORK_HEADER = YES;
				CLANG_WARN_RANGE_LOOP_ANALYSIS = YES;
				CLANG_WARN_STRICT_PROTOTYPES = YES;
				CLANG_WARN_SUSPICIOUS_MOVE = YES;
				CLANG_WARN_UNGUARDED_AVAILABILITY = YES_AGGRESSIVE;
				CLANG_WARN_UNREACHABLE_CODE = YES;
				CLANG_WARN__DUPLICATE_METHOD_MATCH = YES;
				COPY_PHASE_STRIP = NO;
				DEBUG_INFORMATION_FORMAT = dwarf;
				ENABLE_STRICT_OBJC_MSGSEND = YES;
				ENABLE_TESTABILITY = YES;
				ENABLE_USER_SCRIPT_SANDBOXING = YES;
				GCC_C_LANGUAGE_STANDARD = gnu17;
				GCC_DYNAMIC_NO_PIC = NO;
				GCC_NO_COMMON_BLOCKS = YES;
				GCC_OPTIMIZATION_LEVEL = 0;
				GCC_PREPROCESSOR_DEFINITIONS = (
					"DEBUG=1",
					"$(inherited)",
				);
				GCC_WARN_64_TO_32_BIT_CONVERSION = YES;
				GCC_WARN_ABOUT_RETURN_TYPE = YES_ERROR;
				GCC_WARN_UNDECLARED_SELECTOR = YES;
				GCC_WARN_UNINITIALIZED_AUTOS = YES_AGGRESSIVE;
				GCC_WARN_UNUSED_FUNCTION = YES;
				GCC_WARN_UNUSED_VARIABLE = YES;
				IPHONEOS_DEPLOYMENT_TARGET = 18.4;
				LOCALIZATION_PREFERS_STRING_CATALOGS = YES;
				MTL_ENABLE_DEBUG_INFO = INCLUDE_SOURCE;
				MTL_FAST_MATH = YES;
				ONLY_ACTIVE_ARCH = YES;
				SDKROOT = iphoneos;
				SWIFT_ACTIVE_COMPILATION_CONDITIONS = "DEBUG $(inherited)";
				SWIFT_OPTIMIZATION_LEVEL = "-Onone";
			};
			name = Debug;
		};
		CB8B73B92DAAB9F3009046D3 /* Release */ = {
			isa = XCBuildConfiguration;
			buildSettings = {
				ALWAYS_SEARCH_USER_PATHS = NO;
				ASSETCATALOG_COMPILER_GENERATE_SWIFT_ASSET_SYMBOL_EXTENSIONS = YES;
				CLANG_ANALYZER_NONNULL = YES;
				CLANG_ANALYZER_NUMBER_OBJECT_CONVERSION = YES_AGGRESSIVE;
				CLANG_CXX_LANGUAGE_STANDARD = "gnu++20";
				CLANG_ENABLE_MODULES = YES;
				CLANG_ENABLE_OBJC_ARC = YES;
				CLANG_ENABLE_OBJC_WEAK = YES;
				CLANG_WARN_BLOCK_CAPTURE_AUTORELEASING = YES;
				CLANG_WARN_BOOL_CONVERSION = YES;
				CLANG_WARN_COMMA = YES;
				CLANG_WARN_CONSTANT_CONVERSION = YES;
				CLANG_WARN_DEPRECATED_OBJC_IMPLEMENTATIONS = YES;
				CLANG_WARN_DIRECT_OBJC_ISA_USAGE = YES_ERROR;
				CLANG_WARN_DOCUMENTATION_COMMENTS = YES;
				CLANG_WARN_EMPTY_BODY = YES;
				CLANG_WARN_ENUM_CONVERSION = YES;
				CLANG_WARN_INFINITE_RECURSION = YES;
				CLANG_WARN_INT_CONVERSION = YES;
				CLANG_WARN_NON_LITERAL_NULL_CONVERSION = YES;
				CLANG_WARN_OBJC_IMPLICIT_RETAIN_SELF = YES;
				CLANG_WARN_OBJC_LITERAL_CONVERSION = YES;
				CLANG_WARN_OBJC_ROOT_CLASS = YES_ERROR;
				CLANG_WARN_QUOTED_INCLUDE_IN_FRAMEWORK_HEADER = YES;
				CLANG_WARN_RANGE_LOOP_ANALYSIS = YES;
				CLANG_WARN_STRICT_PROTOTYPES = YES;
				CLANG_WARN_SUSPICIOUS_MOVE = YES;
				CLANG_WARN_UNGUARDED_AVAILABILITY = YES_AGGRESSIVE;
				CLANG_WARN_UNREACHABLE_CODE = YES;
				CLANG_WARN__DUPLICATE_METHOD_MATCH = YES;
				COPY_PHASE_STRIP = NO;
				DEBUG_INFORMATION_FORMAT = "dwarf-with-dsym";
				ENABLE_NS_ASSERTIONS = NO;
				ENABLE_STRICT_OBJC_MSGSEND = YES;
				ENABLE_USER_SCRIPT_SANDBOXING = YES;
				GCC_C_LANGUAGE_STANDARD = gnu17;
				GCC_NO_COMMON_BLOCKS = YES;
				GCC_WARN_64_TO_32_BIT_CONVERSION = YES;
				GCC_WARN_ABOUT_RETURN_TYPE = YES_ERROR;
				GCC_WARN_UNDECLARED_SELECTOR = YES;
				GCC_WARN_UNINITIALIZED_AUTOS = YES_AGGRESSIVE;
				GCC_WARN_UNUSED_FUNCTION = YES;
				GCC_WARN_UNUSED_VARIABLE = YES;
				IPHONEOS_DEPLOYMENT_TARGET = 18.4;
				LOCALIZATION_PREFERS_STRING_CATALOGS = YES;
				MTL_ENABLE_DEBUG_INFO = NO;
				MTL_FAST_MATH = YES;
				SDKROOT = iphoneos;
				SWIFT_COMPILATION_MODE = wholemodule;
				VALIDATE_PRODUCT = YES;
			};
			name = Release;
		};
		CB8B73BB2DAAB9F3009046D3 /* Debug */ = {
			isa = XCBuildConfiguration;
			buildSettings = {
				ASSETCATALOG_COMPILER_APPICON_NAME = AppIcon;
				ASSETCATALOG_COMPILER_GLOBAL_ACCENT_COLOR_NAME = AccentColor;
				CODE_SIGN_STYLE = Automatic;
				CURRENT_PROJECT_VERSION = 1;
				ENABLE_PREVIEWS = YES;
				GENERATE_INFOPLIST_FILE = YES;
				INFOPLIST_KEY_UIApplicationSceneManifest_Generation = YES;
				INFOPLIST_KEY_UIApplicationSupportsIndirectInputEvents = YES;
				INFOPLIST_KEY_UILaunchScreen_Generation = YES;
				INFOPLIST_KEY_UISupportedInterfaceOrientations_iPad = "UIInterfaceOrientationPortrait UIInterfaceOrientationPortraitUpsideDown UIInterfaceOrientationLandscapeLeft UIInterfaceOrientationLandscapeRight";
				INFOPLIST_KEY_UISupportedInterfaceOrientations_iPhone = "UIInterfaceOrientationPortrait UIInterfaceOrientationLandscapeLeft UIInterfaceOrientationLandscapeRight";
				LD_RUNPATH_SEARCH_PATHS = (
					"$(inherited)",
					"@executable_path/Frameworks",
				);
				MARKETING_VERSION = 1.0;
				PRODUCT_BUNDLE_IDENTIFIER = "chatAi-app.chatAI";
				PRODUCT_NAME = "$(TARGET_NAME)";
				SWIFT_EMIT_LOC_STRINGS = YES;
				SWIFT_VERSION = 5.0;
				TARGETED_DEVICE_FAMILY = "1,2";
			};
			name = Debug;
		};
		CB8B73BC2DAAB9F3009046D3 /* Release */ = {
			isa = XCBuildConfiguration;
			buildSettings = {
				ASSETCATALOG_COMPILER_APPICON_NAME = AppIcon;
				ASSETCATALOG_COMPILER_GLOBAL_ACCENT_COLOR_NAME = AccentColor;
				CODE_SIGN_STYLE = Automatic;
				CURRENT_PROJECT_VERSION = 1;
				ENABLE_PREVIEWS = YES;
				GENERATE_INFOPLIST_FILE = YES;
				INFOPLIST_KEY_UIApplicationSceneManifest_Generation = YES;
				INFOPLIST_KEY_UIApplicationSupportsIndirectInputEvents = YES;
				INFOPLIST_KEY_UILaunchScreen_Generation = YES;
				INFOPLIST_KEY_UISupportedInterfaceOrientations_iPad = "UIInterfaceOrientationPortrait UIInterfaceOrientationPortraitUpsideDown UIInterfaceOrientationLandscapeLeft UIInterfaceOrientationLandscapeRight";
				INFOPLIST_KEY_UISupportedInterfaceOrientations_iPhone = "UIInterfaceOrientationPortrait UIInterfaceOrientationLandscapeLeft UIInterfaceOrientationLandscapeRight";
				LD_RUNPATH_SEARCH_PATHS = (
					"$(inherited)",
					"@executable_path/Frameworks",
				);
				MARKETING_VERSION = 1.0;
				PRODUCT_BUNDLE_IDENTIFIER = "chatAi-app.chatAI";
				PRODUCT_NAME = "$(TARGET_NAME)";
				SWIFT_EMIT_LOC_STRINGS = YES;
				SWIFT_VERSION = 5.0;
				TARGETED_DEVICE_FAMILY = "1,2";
			};
			name = Release;
		};
		CB8B73BE2DAAB9F3009046D3 /* Debug */ = {
			isa = XCBuildConfiguration;
			buildSettings = {
				BUNDLE_LOADER = "$(TEST_HOST)";
				CODE_SIGN_STYLE = Automatic;
				CURRENT_PROJECT_VERSION = 1;
				GENERATE_INFOPLIST_FILE = YES;
				IPHONEOS_DEPLOYMENT_TARGET = 18.4;
				MARKETING_VERSION = 1.0;
				PRODUCT_BUNDLE_IDENTIFIER = "chatAi-app.chatAITests";
				PRODUCT_NAME = "$(TARGET_NAME)";
				SWIFT_EMIT_LOC_STRINGS = NO;
				SWIFT_VERSION = 5.0;
				TARGETED_DEVICE_FAMILY = "1,2";
				TEST_HOST = "$(BUILT_PRODUCTS_DIR)/chatAI.app/$(BUNDLE_EXECUTABLE_FOLDER_PATH)/chatAI";
			};
			name = Debug;
		};
		CB8B73BF2DAAB9F3009046D3 /* Release */ = {
			isa = XCBuildConfiguration;
			buildSettings = {
				BUNDLE_LOADER = "$(TEST_HOST)";
				CODE_SIGN_STYLE = Automatic;
				CURRENT_PROJECT_VERSION = 1;
				GENERATE_INFOPLIST_FILE = YES;
				IPHONEOS_DEPLOYMENT_TARGET = 18.4;
				MARKETING_VERSION = 1.0;
				PRODUCT_BUNDLE_IDENTIFIER = "chatAi-app.chatAITests";
				PRODUCT_NAME = "$(TARGET_NAME)";
				SWIFT_EMIT_LOC_STRINGS = NO;
				SWIFT_VERSION = 5.0;
				TARGETED_DEVICE_FAMILY = "1,2";
				TEST_HOST = "$(BUILT_PRODUCTS_DIR)/chatAI.app/$(BUNDLE_EXECUTABLE_FOLDER_PATH)/chatAI";
			};
			name = Release;
		};
		CB8B73C12DAAB9F3009046D3 /* Debug */ = {
			isa = XCBuildConfiguration;
			buildSettings = {
				CODE_SIGN_STYLE = Automatic;
				CURRENT_PROJECT_VERSION = 1;
				GENERATE_INFOPLIST_FILE = YES;
				MARKETING_VERSION = 1.0;
				PRODUCT_BUNDLE_IDENTIFIER = "chatAi-app.chatAIUITests";
				PRODUCT_NAME = "$(TARGET_NAME)";
				SWIFT_EMIT_LOC_STRINGS = NO;
				SWIFT_VERSION = 5.0;
				TARGETED_DEVICE_FAMILY = "1,2";
				TEST_TARGET_NAME = chatAI;
			};
			name = Debug;
		};
		CB8B73C22DAAB9F3009046D3 /* Release */ = {
			isa = XCBuildConfiguration;
			buildSettings = {
				CODE_SIGN_STYLE = Automatic;
				CURRENT_PROJECT_VERSION = 1;
				GENERATE_INFOPLIST_FILE = YES;
				MARKETING_VERSION = 1.0;
				PRODUCT_BUNDLE_IDENTIFIER = "chatAi-app.chatAIUITests";
				PRODUCT_NAME = "$(TARGET_NAME)";
				SWIFT_EMIT_LOC_STRINGS = NO;
				SWIFT_VERSION = 5.0;
				TARGETED_DEVICE_FAMILY = "1,2";
				TEST_TARGET_NAME = chatAI;
			};
			name = Release;
		};
/* End XCBuildConfiguration section */

/* Begin XCConfigurationList section */
		CB8B73942DAAB9F0009046D3 /* Build configuration list for PBXProject "chatAI" */ = {
			isa = XCConfigurationList;
			buildConfigurations = (
				CB8B73B82DAAB9F3009046D3 /* Debug */,
				CB8B73B92DAAB9F3009046D3 /* Release */,
			);
			defaultConfigurationIsVisible = 0;
			defaultConfigurationName = Release;
		};
		CB8B73BA2DAAB9F3009046D3 /* Build configuration list for PBXNativeTarget "chatAI" */ = {
			isa = XCConfigurationList;
			buildConfigurations = (
				CB8B73BB2DAAB9F3009046D3 /* Debug */,
				CB8B73BC2DAAB9F3009046D3 /* Release */,
			);
			defaultConfigurationIsVisible = 0;
			defaultConfigurationName = Release;
		};
		CB8B73BD2DAAB9F3009046D3 /* Build configuration list for PBXNativeTarget "chatAITests" */ = {
			isa = XCConfigurationList;
			buildConfigurations = (
				CB8B73BE2DAAB9F3009046D3 /* Debug */,
				CB8B73BF2DAAB9F3009046D3 /* Release */,
			);
			defaultConfigurationIsVisible = 0;
			defaultConfigurationName = Release;
		};
		CB8B73C02DAAB9F3009046D3 /* Build configuration list for PBXNativeTarget "chatAIUITests" */ = {
			isa = XCConfigurationList;
			buildConfigurations = (
				CB8B73C12DAAB9F3009046D3 /* Debug */,
				CB8B73C22DAAB9F3009046D3 /* Release */,
			);
			defaultConfigurationIsVisible = 0;
			defaultConfigurationName = Release;
		};
/* End XCConfigurationList section */
	};
	rootObject = CB8B73912DAAB9F0009046D3 /* Project object */;
}
